<?xml version="1.0" encoding="utf-8"?>
<Project ToolsVersion="4.0" xmlns="http://schemas.microsoft.com/developer/msbuild/2003">
  <ItemGroup>
    <Filter Include="Inc">
      <UniqueIdentifier>{9e853e71-7a13-4d66-ab46-fcc926145e18}</UniqueIdentifier>
    </Filter>
    <Filter Include="Src">
      <UniqueIdentifier>{130a6a6c-ca97-4c18-9386-160064e02439}</UniqueIdentifier>
    </Filter>
    <Filter Include="Inc\Decision">
      <UniqueIdentifier>{c4301419-f215-4185-b4c6-dff694739df7}</UniqueIdentifier>
    </Filter>
    <Filter Include="Inc\FSM">
      <UniqueIdentifier>{688afdc2-b2ec-459b-8e1c-bfa623dfd4ba}</UniqueIdentifier>
    </Filter>
    <Filter Include="Inc\Pathfinding">
      <UniqueIdentifier>{8ca7b58e-33a2-4991-9750-ca95479e1b4b}</UniqueIdentifier>
    </Filter>
    <Filter Include="Inc\Perception">
      <UniqueIdentifier>{b0b48f1b-c7b2-4900-bd47-faeaeb247871}</UniqueIdentifier>
    </Filter>
    <Filter Include="Inc\Steering">
      <UniqueIdentifier>{86dd9bb2-e8a8-4820-8ca1-f9cbfea189b9}</UniqueIdentifier>
    </Filter>
    <Filter Include="Inc\Steering\Behaviors">
      <UniqueIdentifier>{6f1b1d41-a15c-41d7-89e2-c024b5a8f7c7}</UniqueIdentifier>
    </Filter>
    <Filter Include="Inc\Utils">
      <UniqueIdentifier>{37a0ea65-5024-4fac-8022-7b63d80f266b}</UniqueIdentifier>
    </Filter>
    <Filter Include="Inc\World">
      <UniqueIdentifier>{c5297a4b-cea5-4c5e-bd11-8c74ce7421cc}</UniqueIdentifier>
    </Filter>
    <Filter Include="Src\Pathfinding">
      <UniqueIdentifier>{47f09007-057c-414b-acaf-08038d99bd60}</UniqueIdentifier>
    </Filter>
    <Filter Include="Src\Pch">
      <UniqueIdentifier>{7937c70b-f9d4-429e-8709-d06c1750bb6a}</UniqueIdentifier>
    </Filter>
    <Filter Include="Src\Perception">
      <UniqueIdentifier>{c6b7d11e-274b-4a58-b09c-1dd17a650a7c}</UniqueIdentifier>
    </Filter>
    <Filter Include="Src\Steering">
      <UniqueIdentifier>{3fd2072e-28bf-444b-a120-0df5e831eaa7}</UniqueIdentifier>
    </Filter>
    <Filter Include="Src\Steering\Behaviors">
      <UniqueIdentifier>{fb831104-036a-48d7-aa74-3f5b29e759ee}</UniqueIdentifier>
    </Filter>
    <Filter Include="Src\World">
      <UniqueIdentifier>{8a468641-23b2-4780-aa00-cd76ebd9659c}</UniqueIdentifier>
    </Filter>
  </ItemGroup>
  <ItemGroup>
    <ClInclude Include="Inc\AI.h">
      <Filter>Inc</Filter>
    </ClInclude>
    <ClInclude Include="Inc\Common.h">
      <Filter>Inc</Filter>
    </ClInclude>
    <ClInclude Include="Inc\DecisionModule.h">
      <Filter>Inc\Decision</Filter>
    </ClInclude>
    <ClInclude Include="Inc\Goal.h">
      <Filter>Inc\Decision</Filter>
    </ClInclude>
    <ClInclude Include="Inc\GoalComposite.h">
      <Filter>Inc\Decision</Filter>
    </ClInclude>
    <ClInclude Include="Inc\Strategy.h">
      <Filter>Inc\Decision</Filter>
    </ClInclude>
    <ClInclude Include="Inc\State.h">
      <Filter>Inc\FSM</Filter>
    </ClInclude>
    <ClInclude Include="Inc\StateMachine.h">
      <Filter>Inc\FSM</Filter>
    </ClInclude>
    <ClInclude Include="Inc\AStar.h">
      <Filter>Inc\Pathfinding</Filter>
    </ClInclude>
    <ClInclude Include="Inc\BFS.h">
      <Filter>Inc\Pathfinding</Filter>
    </ClInclude>
    <ClInclude Include="Inc\DFS.h">
      <Filter>Inc\Pathfinding</Filter>
    </ClInclude>
    <ClInclude Include="Inc\Dijkstra_Search.h">
      <Filter>Inc\Pathfinding</Filter>
    </ClInclude>
    <ClInclude Include="Inc\GridBasedGraph.h">
      <Filter>Inc\Pathfinding</Filter>
    </ClInclude>
    <ClInclude Include="Inc\PerceptionModule.h">
      <Filter>Inc\Perception</Filter>
    </ClInclude>
    <ClInclude Include="Inc\Sensor.h">
      <Filter>Inc\Perception</Filter>
    </ClInclude>
    <ClInclude Include="Inc\MemoryRecord.h">
      <Filter>Inc\Perception</Filter>
    </ClInclude>
    <ClInclude Include="Inc\SteeringModule.h">
      <Filter>Inc\Steering</Filter>
    </ClInclude>
    <ClInclude Include="Inc\WanderBehavior.h">
      <Filter>Inc\Steering\Behaviors</Filter>
    </ClInclude>
    <ClInclude Include="Inc\SeekBehavior.h">
      <Filter>Inc\Steering\Behaviors</Filter>
    </ClInclude>
    <ClInclude Include="Inc\SeparationBehavior.h">
      <Filter>Inc\Steering\Behaviors</Filter>
    </ClInclude>
    <ClInclude Include="Inc\SteeringBehavior.h">
      <Filter>Inc\Steering\Behaviors</Filter>
    </ClInclude>
    <ClInclude Include="Inc\ObstacleAvoidanceBehavior.h">
      <Filter>Inc\Steering\Behaviors</Filter>
    </ClInclude>
    <ClInclude Include="Inc\CohesionBehavior.h">
      <Filter>Inc\Steering\Behaviors</Filter>
    </ClInclude>
    <ClInclude Include="Inc\ArriveBehavior.h">
      <Filter>Inc\Steering\Behaviors</Filter>
    </ClInclude>
    <ClInclude Include="Inc\AlignmentBehavior.h">
      <Filter>Inc\Steering\Behaviors</Filter>
    </ClInclude>
    <ClInclude Include="Inc\FleeBehavior.h">
      <Filter>Inc\Steering\Behaviors</Filter>
    </ClInclude>
    <ClInclude Include="Inc\PartitionGrid.h">
      <Filter>Inc\Utils</Filter>
    </ClInclude>
    <ClInclude Include="Inc\Agent.h">
      <Filter>Inc\World</Filter>
    </ClInclude>
    <ClInclude Include="Inc\AIWorld.h">
      <Filter>Inc\World</Filter>
    </ClInclude>
    <ClInclude Include="Inc\Entity.h">
      <Filter>Inc\World</Filter>
    </ClInclude>
    <ClInclude Include="Src\Precompiled.h">
      <Filter>Src\Pch</Filter>
    </ClInclude>
  </ItemGroup>
  <ItemGroup>
    <ClCompile Include="Src\AStar.cpp">
      <Filter>Src\Pathfinding</Filter>
    </ClCompile>
    <ClCompile Include="Src\BFS.cpp">
      <Filter>Src\Pathfinding</Filter>
    </ClCompile>
    <ClCompile Include="Src\DFS.cpp">
      <Filter>Src\Pathfinding</Filter>
    </ClCompile>
    <ClCompile Include="Src\Dijkstra_Search.cpp">
      <Filter>Src\Pathfinding</Filter>
    </ClCompile>
    <ClCompile Include="Src\GridBasedGraph.cpp">
      <Filter>Src\Pathfinding</Filter>
    </ClCompile>
    <ClCompile Include="Src\Precompiled.cpp">
      <Filter>Src\Pch</Filter>
    </ClCompile>
    <ClCompile Include="Src\PerceptionModule.cpp">
      <Filter>Src\Perception</Filter>
    </ClCompile>
    <ClCompile Include="Src\SteeringModule.cpp">
      <Filter>Src\Steering</Filter>
    </ClCompile>
    <ClCompile Include="Src\SeekBehavior.cpp">
      <Filter>Src\Steering\Behaviors</Filter>
    </ClCompile>
    <ClCompile Include="Src\SeparationBehavior.cpp">
      <Filter>Src\Steering\Behaviors</Filter>
    </ClCompile>
    <ClCompile Include="Src\WanderBehavior.cpp">
      <Filter>Src\Steering\Behaviors</Filter>
    </ClCompile>
    <ClCompile Include="Src\ObstacleAvoidanceBehavior.cpp">
      <Filter>Src\Steering\Behaviors</Filter>
    </ClCompile>
    <ClCompile Include="Src\FleeBehavior.cpp">
      <Filter>Src\Steering\Behaviors</Filter>
    </ClCompile>
    <ClCompile Include="Src\CohesionBehavior.cpp">
      <Filter>Src\Steering\Behaviors</Filter>
    </ClCompile>
    <ClCompile Include="Src\ArriveBehavior.cpp">
      <Filter>Src\Steering\Behaviors</Filter>
    </ClCompile>
    <ClCompile Include="Src\AlignmentBehavior.cpp">
      <Filter>Src\Steering\Behaviors</Filter>
    </ClCompile>
    <ClCompile Include="Src\AIWorld.cpp">
      <Filter>Src\World</Filter>
    </ClCompile>
    <ClCompile Include="Src\Entity.cpp">
      <Filter>Src\World</Filter>
    </ClCompile>
  </ItemGroup>
</Project>