
Microsoft Visual Studio Solution File, Format Version 12.00
# Visual Studio 15
VisualStudioVersion = 15.0.28307.1169
MinimumVisualStudioVersion = 10.0.40219.1
Project("{2150E333-8FDC-42A3-9474-1A3956D46DE8}") = "Framework", "Framework", "{913DAE68-BED5-442F-8A91-193983629F25}"
EndProject
Project("{8BC9CEB8-8B4A-11D0-8D11-00A0C91BC942}") = "Core", "Framework\Core\Core.vcxproj", "{5B6DAAFC-4E0F-4D48-8909-19E758B7847A}"
EndProject
Project("{2150E333-8FDC-42A3-9474-1A3956D46DE8}") = "VGP242", "VGP242", "{AEC211F8-C598-45B2-89F1-4B0E859788FB}"
EndProject
Project("{8BC9CEB8-8B4A-11D0-8D11-00A0C91BC942}") = "00_HelloWorld", "VGP242\00_HelloWorld\00_HelloWorld.vcxproj", "{65D8F3D9-B5B8-4366-9C29-84C048B9F0A0}"
EndProject
Project("{8BC9CEB8-8B4A-11D0-8D11-00A0C91BC942}") = "Math", "Framework\Math\Math.vcxproj", "{31B86F72-A2A0-4290-817B-ACFDF1ED386D}"
EndProject
Project("{2150E333-8FDC-42A3-9474-1A3956D46DE8}") = "UnitTests", "UnitTests", "{2FE752FA-F1E7-4B8C-9DED-D20ECDA0D28A}"
EndProject
Project("{8BC9CEB8-8B4A-11D0-8D11-00A0C91BC942}") = "MathTest", "UnitTests\MathTest\MathTest.vcxproj", "{A04F776D-8761-492F-B7E7-0E02A79DDF66}"
EndProject
Project("{2150E333-8FDC-42A3-9474-1A3956D46DE8}") = "Engine", "Engine", "{4C612A6B-D47A-44CE-BDFC-9CEF086BDD9E}"
EndProject
Project("{8BC9CEB8-8B4A-11D0-8D11-00A0C91BC942}") = "SWAGE", "Engine\SWAGE\SWAGE.vcxproj", "{E5D43595-6FA9-4B39-BF9A-994EC3B73970}"
EndProject
Project("{8BC9CEB8-8B4A-11D0-8D11-00A0C91BC942}") = "01_HelloWindow", "VGP242\01_HelloWindow\01_HelloWindow.vcxproj", "{00E1CCE9-0BDB-4AB1-94EF-542D2C82B61B}"
EndProject
Project("{8BC9CEB8-8B4A-11D0-8D11-00A0C91BC942}") = "Graphics", "Framework\Graphics\Graphics.vcxproj", "{BB4D228B-93D5-4CB2-949E-7400E9B0E74E}"
EndProject
Project("{8BC9CEB8-8B4A-11D0-8D11-00A0C91BC942}") = "02_HelloDirectX", "VGP242\02_HelloDirectX\02_HelloDirectX.vcxproj", "{44D97077-A169-455F-B258-323F1226E5F5}"
EndProject
Project("{2150E333-8FDC-42A3-9474-1A3956D46DE8}") = "External", "External", "{36D5E685-01D1-4D24-9AB9-E897FA1BDFF3}"
EndProject
Project("{8BC9CEB8-8B4A-11D0-8D11-00A0C91BC942}") = "DirectXTK_Desktop_2017", "External\DirectXTK\DirectXTK_Desktop_2017.vcxproj", "{E0B52AE7-E160-4D32-BF3F-910B785E5A8E}"
EndProject
Project("{8BC9CEB8-8B4A-11D0-8D11-00A0C91BC942}") = "DirectXTKAudio_Desktop_2017_Win8", "External\DirectXTK\Audio\DirectXTKAudio_Desktop_2017_Win8.vcxproj", "{4F150A30-CECB-49D1-8283-6A3F57438CF5}"
EndProject
Project("{8BC9CEB8-8B4A-11D0-8D11-00A0C91BC942}") = "Input", "Framework\Input\Input.vcxproj", "{149699C6-853F-4D31-841D-E49CDC62E52A}"
EndProject
Project("{8BC9CEB8-8B4A-11D0-8D11-00A0C91BC942}") = "03_HelloTriangle", "VGP242\03_HelloTriangle\03_HelloTriangle.vcxproj", "{CAFF75AC-5857-49C7-8FAE-4F71F7094421}"
EndProject
Project("{8BC9CEB8-8B4A-11D0-8D11-00A0C91BC942}") = "04_HelloShapes", "VGP242\04_HelloShapes\04_HelloShapes.vcxproj", "{DD96240B-9A26-4EEC-A26D-265E6755C926}"
EndProject
Project("{2150E333-8FDC-42A3-9474-1A3956D46DE8}") = "Assets", "Assets", "{18EE924E-2055-44EA-9FCA-8DCEFF35F989}"
EndProject
Project("{2150E333-8FDC-42A3-9474-1A3956D46DE8}") = "Shaders", "Shaders", "{C7EFEEB0-CED9-4BB5-BF13-296A86A9E7B4}"
	ProjectSection(SolutionItems) = preProject
		Assets\Shaders\Bloom.fx = Assets\Shaders\Bloom.fx
		Assets\Shaders\DepthMap.fx = Assets\Shaders\DepthMap.fx
		Assets\Shaders\DoGouraudShading.fx = Assets\Shaders\DoGouraudShading.fx
		Assets\Shaders\DoNothing.fx = Assets\Shaders\DoNothing.fx
		Assets\Shaders\DoPhongShading.fx = Assets\Shaders\DoPhongShading.fx
		Assets\Shaders\DoSimpleDraw.fx = Assets\Shaders\DoSimpleDraw.fx
		Assets\Shaders\DoSomething.fx = Assets\Shaders\DoSomething.fx
		Assets\Shaders\DoTexturing.fx = Assets\Shaders\DoTexturing.fx
		Assets\Shaders\DoTransform.fx = Assets\Shaders\DoTransform.fx
		Assets\Shaders\Earth.fx = Assets\Shaders\Earth.fx
		Assets\Shaders\Earth_Cloud.fx = Assets\Shaders\Earth_Cloud.fx
		Assets\Shaders\Fire.fx = Assets\Shaders\Fire.fx
		Assets\Shaders\GaussianBlur.fx = Assets\Shaders\GaussianBlur.fx
		Assets\Shaders\PostProcess.fx = Assets\Shaders\PostProcess.fx
		Assets\Shaders\Reflection.fx = Assets\Shaders\Reflection.fx
		Assets\Shaders\Skinning.fx = Assets\Shaders\Skinning.fx
		Assets\Shaders\Standard.fx = Assets\Shaders\Standard.fx
	EndProjectSection
EndProject
Project("{8BC9CEB8-8B4A-11D0-8D11-00A0C91BC942}") = "05_HelloCube", "VGP242\05_HelloCube\05_HelloCube.vcxproj", "{CCFFCFB2-4A49-4820-B859-71C0822BDDD0}"
EndProject
Project("{8BC9CEB8-8B4A-11D0-8D11-00A0C91BC942}") = "ImGui", "External\ImGui\ImGui.vcxproj", "{B4698B3F-5F5C-4A45-9907-3778EAC61E7B}"
EndProject
Project("{8BC9CEB8-8B4A-11D0-8D11-00A0C91BC942}") = "AI", "Framework\AI\AI.vcxproj", "{655BF63A-707D-4003-9493-CFD6B4DF6A23}"
EndProject
Project("{2150E333-8FDC-42A3-9474-1A3956D46DE8}") = "VGP330", "VGP330", "{E328C5BD-CE43-4E38-AA02-8A6B926D7AA0}"
EndProject
Project("{8BC9CEB8-8B4A-11D0-8D11-00A0C91BC942}") = "09_HelloLighting", "VGP330\09_HelloLighting\09_HelloLighting.vcxproj", "{4554D578-4146-41CD-B5A6-35CB23FA4CC5}"
EndProject
Project("{8BC9CEB8-8B4A-11D0-8D11-00A0C91BC942}") = "10_HelloEarth", "VGP330\10_HelloEarth\10_HelloEarth.vcxproj", "{26C881AC-35F2-412F-BD9B-EB9AF6106888}"
EndProject
Project("{2150E333-8FDC-42A3-9474-1A3956D46DE8}") = "VGP337", "VGP337", "{3E953B06-6137-458F-AC39-CE9B32659B17}"
EndProject
Project("{8BC9CEB8-8B4A-11D0-8D11-00A0C91BC942}") = "_ML_LinearRegression", "VGP337\_ML_LinearRegression\_ML_LinearRegression.vcxproj", "{396D6901-7ABD-44B5-99C2-C593C429E683}"
EndProject
Project("{8BC9CEB8-8B4A-11D0-8D11-00A0C91BC942}") = "ML", "Framework\ML\ML.vcxproj", "{CF0C1078-0DC6-4D8F-A8CD-73FFCD848887}"
EndProject
Project("{8BC9CEB8-8B4A-11D0-8D11-00A0C91BC942}") = "11_HelloPostProcessing", "VGP330\11_HelloPostProcessing\11_HelloPostProcessing.vcxproj", "{97249456-DADA-49C9-90A9-946268894F2F}"
EndProject
Project("{8BC9CEB8-8B4A-11D0-8D11-00A0C91BC942}") = "12_HelloBloom", "VGP330\12_HelloBloom\12_HelloBloom.vcxproj", "{6B72D258-400E-4615-8530-4A91D52F2F8F}"
EndProject
Project("{8BC9CEB8-8B4A-11D0-8D11-00A0C91BC942}") = "_ML_LogisticRegression", "VGP337\_ML_LogisticRegression\_ML_LogisticRegression.vcxproj", "{55D19482-3116-418A-898B-E11EE87096EF}"
EndProject
Project("{8BC9CEB8-8B4A-11D0-8D11-00A0C91BC942}") = "_ML_KMeans", "VGP337\_ML_KMeans\_ML_KMeans.vcxproj", "{21867870-744D-4F1F-90DC-A4EEF7FCC216}"
EndProject
Project("{8BC9CEB8-8B4A-11D0-8D11-00A0C91BC942}") = "07_HelloSimpleDraw", "VGP242\07_HelloSimpleDraw\07_HelloSimpleDraw.vcxproj", "{FE682B71-94B2-46CC-983B-99FD4E2EE0AD}"
EndProject
Project("{8BC9CEB8-8B4A-11D0-8D11-00A0C91BC942}") = "VGP242_Final", "VGP242\VGP242_Final\VGP242_Final.vcxproj", "{87359645-1C3E-42E1-9032-AAA2091EAA0F}"
EndProject
Project("{8BC9CEB8-8B4A-11D0-8D11-00A0C91BC942}") = "06_HelloTexturing", "VGP242\06_HelloTexturing\06_HelloTexturing.vcxproj", "{B6D2D66B-DC14-4D07-8FA1-63B0B22DA54F}"
EndProject
Project("{8BC9CEB8-8B4A-11D0-8D11-00A0C91BC942}") = "13_HelloShadow", "VGP330\13_HelloShadow\13_HelloShadow.vcxproj", "{CB99B58C-F953-4760-9283-11DCA057A00E}"
EndProject
Project("{8BC9CEB8-8B4A-11D0-8D11-00A0C91BC942}") = "_ML_NeuralNetwork", "VGP337\_ML_NeuralNetwork\_ML_NeuralNetwork.vcxproj", "{2906DA01-87C6-40A5-9FDF-D90E0FF5CF92}"
EndProject
Project("{8BC9CEB8-8B4A-11D0-8D11-00A0C91BC942}") = "_ML_GA", "VGP337\_ML_GA\_ML_GA.vcxproj", "{66044542-EA9D-41F5-9ABD-B35C429BDEFD}"
EndProject
Project("{8BC9CEB8-8B4A-11D0-8D11-00A0C91BC942}") = "_ML_GA_Pathing", "VGP337\_ML_GA_Pathing\_ML_GA_Pathing.vcxproj", "{6D346BA4-2C03-4546-B736-53108D91DDB8}"
EndProject
Project("{8BC9CEB8-8B4A-11D0-8D11-00A0C91BC942}") = "14_HelloModel", "VGP330\14_HelloModel\14_HelloModel.vcxproj", "{A7837C27-DAE6-4EE4-B42D-21579DB0DD5B}"
EndProject
Project("{8BC9CEB8-8B4A-11D0-8D11-00A0C91BC942}") = "VGP330_Final", "VGP330\VGP330_Final\VGP330_Final.vcxproj", "{4435A711-11C5-4BDB-9140-BED73B2BFE47}"
EndProject
Project("{8BC9CEB8-8B4A-11D0-8D11-00A0C91BC942}") = "_ML_GA_TSP", "VGP337\_ML_GA_TSP\_ML_GA_TSP.vcxproj", "{2623238D-4F78-4BEE-9884-662651D91119}"
EndProject
Project("{2150E333-8FDC-42A3-9474-1A3956D46DE8}") = "SWAGE_Test", "SWAGE_Test", "{14937E1B-2389-490D-880D-697F77C16153}"
EndProject
Project("{8BC9CEB8-8B4A-11D0-8D11-00A0C91BC942}") = "Test_Fire", "SWAGE_Test\Test_Fire\Test_Fire.vcxproj", "{DCCB3EFB-29F9-4043-865D-89A936A71E97}"
EndProject
Project("{2150E333-8FDC-42A3-9474-1A3956D46DE8}") = "Water", "Water", "{B4FBE6D1-8168-439C-A0D6-8B3254F9F758}"
	ProjectSection(SolutionItems) = preProject
		Assets\Shaders\Refraction.fx = Assets\Shaders\Refraction.fx
		Assets\Shaders\Water.fx = Assets\Shaders\Water.fx
	EndProjectSection
EndProject
Project("{8BC9CEB8-8B4A-11D0-8D11-00A0C91BC942}") = "Test_Reflection", "SWAGE_Test\Test_Reflection\Test_Reflection.vcxproj", "{0286ACA5-62FE-4C79-848E-3F1E7F9B84A5}"
EndProject
Project("{8BC9CEB8-8B4A-11D0-8D11-00A0C91BC942}") = "Test_DrawSprite", "SWAGE_Test\Test_DrawSprite\Test_DrawSprite.vcxproj", "{45902C07-8EA5-4D7A-84FD-C3558CFE00BB}"
EndProject
Project("{8BC9CEB8-8B4A-11D0-8D11-00A0C91BC942}") = "FW1FontWrapper", "External\FW1FontWrapper\FW1FontWrapper.vcxproj", "{24E53AC3-CD96-4C14-BE69-BAB49A1ABE85}"
EndProject
Project("{8BC9CEB8-8B4A-11D0-8D11-00A0C91BC942}") = "Test_NEAT_Bird", "SWAGE_Test\Test_NEAT_Bird\Test_NEAT_Bird.vcxproj", "{BF9DB4EA-D042-4AF0-8A10-F15E4AC53C42}"
EndProject
Project("{2150E333-8FDC-42A3-9474-1A3956D46DE8}") = "VGP334", "VGP334", "{34A5D3FD-69AA-4969-8767-9D34930BF33F}"
EndProject
Project("{8BC9CEB8-8B4A-11D0-8D11-00A0C91BC942}") = "16_HelloAnimation", "VGP334\16_HelloAnimation\16_HelloAnimation.vcxproj", "{BF7340AD-5DF7-4A25-AB5E-D97E9DF34B27}"
EndProject
Project("{2150E333-8FDC-42A3-9474-1A3956D46DE8}") = "Tools", "Tools", "{81E63544-B434-4F3B-81CE-A24E941B6784}"
EndProject
Project("{8BC9CEB8-8B4A-11D0-8D11-00A0C91BC942}") = "ModelImporter", "Tools\ModelImporter\ModelImporter.vcxproj", "{70D7C01C-8962-4351-9344-977D284E9C46}"
EndProject
Project("{8BC9CEB8-8B4A-11D0-8D11-00A0C91BC942}") = "17_HelloModel", "VGP334\17_HelloModel\17_HelloModel.vcxproj", "{C7B5A052-79BF-4587-9B25-D925B0347EAE}"
EndProject
Project("{8BC9CEB8-8B4A-11D0-8D11-00A0C91BC942}") = "15_HelloQuaternion", "VGP334\15_HelloQuaternion\15_HelloQuaternion.vcxproj", "{13F39DFE-AE53-4F48-A93E-87ED9E23B1B3}"
EndProject
Project("{8BC9CEB8-8B4A-11D0-8D11-00A0C91BC942}") = "CoreTest", "UnitTests\CoreTest\CoreTest.vcxproj", "{668F8FF8-4F08-4599-BAC9-91908FF027C7}"
EndProject
Project("{2150E333-8FDC-42A3-9474-1A3956D46DE8}") = "VGP336", "VGP336", "{BE0841C9-2705-4FFD-8540-4F1181E2E123}"
EndProject
Project("{8BC9CEB8-8B4A-11D0-8D11-00A0C91BC942}") = "TestGame", "VGP336\TestGame\TestGame.vcxproj", "{351C714A-C73D-47B7-9367-83BA19FB3431}"
EndProject
Project("{2150E333-8FDC-42A3-9474-1A3956D46DE8}") = "Templates", "Templates", "{C641B3DC-682D-45FF-9B43-2D79ECEA485E}"
	ProjectSection(SolutionItems) = preProject
		Assets\Templates\Maria.json = Assets\Templates\Maria.json
		Assets\Templates\MinionSpawner.json = Assets\Templates\MinionSpawner.json
		Assets\Templates\modelError.json = Assets\Templates\modelError.json
		Assets\Templates\test.json = Assets\Templates\test.json
		Assets\Templates\Tower.json = Assets\Templates\Tower.json
		Assets\Templates\Weapon.json = Assets\Templates\Weapon.json
		Assets\Templates\WeaponSpawner.json = Assets\Templates\WeaponSpawner.json
	EndProjectSection
EndProject
Project("{8BC9CEB8-8B4A-11D0-8D11-00A0C91BC942}") = "TowerDefence", "VGP336\TowerDefence\TowerDefence.vcxproj", "{9E84D96E-5349-4825-A074-5F974987171B}"
EndProject
Global
	GlobalSection(SolutionConfigurationPlatforms) = preSolution
		Debug|x64 = Debug|x64
		Debug|x86 = Debug|x86
		Release|x64 = Release|x64
		Release|x86 = Release|x86
	EndGlobalSection
	GlobalSection(ProjectConfigurationPlatforms) = postSolution
		{5B6DAAFC-4E0F-4D48-8909-19E758B7847A}.Debug|x64.ActiveCfg = Debug|x64
		{5B6DAAFC-4E0F-4D48-8909-19E758B7847A}.Debug|x64.Build.0 = Debug|x64
		{5B6DAAFC-4E0F-4D48-8909-19E758B7847A}.Debug|x86.ActiveCfg = Debug|Win32
		{5B6DAAFC-4E0F-4D48-8909-19E758B7847A}.Debug|x86.Build.0 = Debug|Win32
		{5B6DAAFC-4E0F-4D48-8909-19E758B7847A}.Release|x64.ActiveCfg = Release|x64
		{5B6DAAFC-4E0F-4D48-8909-19E758B7847A}.Release|x64.Build.0 = Release|x64
		{5B6DAAFC-4E0F-4D48-8909-19E758B7847A}.Release|x86.ActiveCfg = Release|Win32
		{5B6DAAFC-4E0F-4D48-8909-19E758B7847A}.Release|x86.Build.0 = Release|Win32
		{65D8F3D9-B5B8-4366-9C29-84C048B9F0A0}.Debug|x64.ActiveCfg = Debug|x64
		{65D8F3D9-B5B8-4366-9C29-84C048B9F0A0}.Debug|x64.Build.0 = Debug|x64
		{65D8F3D9-B5B8-4366-9C29-84C048B9F0A0}.Debug|x86.ActiveCfg = Debug|Win32
		{65D8F3D9-B5B8-4366-9C29-84C048B9F0A0}.Debug|x86.Build.0 = Debug|Win32
		{65D8F3D9-B5B8-4366-9C29-84C048B9F0A0}.Release|x64.ActiveCfg = Release|x64
		{65D8F3D9-B5B8-4366-9C29-84C048B9F0A0}.Release|x64.Build.0 = Release|x64
		{65D8F3D9-B5B8-4366-9C29-84C048B9F0A0}.Release|x86.ActiveCfg = Release|Win32
		{65D8F3D9-B5B8-4366-9C29-84C048B9F0A0}.Release|x86.Build.0 = Release|Win32
		{31B86F72-A2A0-4290-817B-ACFDF1ED386D}.Debug|x64.ActiveCfg = Debug|x64
		{31B86F72-A2A0-4290-817B-ACFDF1ED386D}.Debug|x64.Build.0 = Debug|x64
		{31B86F72-A2A0-4290-817B-ACFDF1ED386D}.Debug|x86.ActiveCfg = Debug|Win32
		{31B86F72-A2A0-4290-817B-ACFDF1ED386D}.Debug|x86.Build.0 = Debug|Win32
		{31B86F72-A2A0-4290-817B-ACFDF1ED386D}.Release|x64.ActiveCfg = Release|x64
		{31B86F72-A2A0-4290-817B-ACFDF1ED386D}.Release|x64.Build.0 = Release|x64
		{31B86F72-A2A0-4290-817B-ACFDF1ED386D}.Release|x86.ActiveCfg = Release|Win32
		{31B86F72-A2A0-4290-817B-ACFDF1ED386D}.Release|x86.Build.0 = Release|Win32
		{A04F776D-8761-492F-B7E7-0E02A79DDF66}.Debug|x64.ActiveCfg = Debug|x64
		{A04F776D-8761-492F-B7E7-0E02A79DDF66}.Debug|x64.Build.0 = Debug|x64
		{A04F776D-8761-492F-B7E7-0E02A79DDF66}.Debug|x86.ActiveCfg = Debug|Win32
		{A04F776D-8761-492F-B7E7-0E02A79DDF66}.Debug|x86.Build.0 = Debug|Win32
		{A04F776D-8761-492F-B7E7-0E02A79DDF66}.Release|x64.ActiveCfg = Release|x64
		{A04F776D-8761-492F-B7E7-0E02A79DDF66}.Release|x64.Build.0 = Release|x64
		{A04F776D-8761-492F-B7E7-0E02A79DDF66}.Release|x86.ActiveCfg = Release|Win32
		{A04F776D-8761-492F-B7E7-0E02A79DDF66}.Release|x86.Build.0 = Release|Win32
		{E5D43595-6FA9-4B39-BF9A-994EC3B73970}.Debug|x64.ActiveCfg = Debug|x64
		{E5D43595-6FA9-4B39-BF9A-994EC3B73970}.Debug|x64.Build.0 = Debug|x64
		{E5D43595-6FA9-4B39-BF9A-994EC3B73970}.Debug|x86.ActiveCfg = Debug|Win32
		{E5D43595-6FA9-4B39-BF9A-994EC3B73970}.Debug|x86.Build.0 = Debug|Win32
		{E5D43595-6FA9-4B39-BF9A-994EC3B73970}.Release|x64.ActiveCfg = Release|x64
		{E5D43595-6FA9-4B39-BF9A-994EC3B73970}.Release|x64.Build.0 = Release|x64
		{E5D43595-6FA9-4B39-BF9A-994EC3B73970}.Release|x86.ActiveCfg = Release|Win32
		{E5D43595-6FA9-4B39-BF9A-994EC3B73970}.Release|x86.Build.0 = Release|Win32
		{00E1CCE9-0BDB-4AB1-94EF-542D2C82B61B}.Debug|x64.ActiveCfg = Debug|x64
		{00E1CCE9-0BDB-4AB1-94EF-542D2C82B61B}.Debug|x64.Build.0 = Debug|x64
		{00E1CCE9-0BDB-4AB1-94EF-542D2C82B61B}.Debug|x86.ActiveCfg = Debug|Win32
		{00E1CCE9-0BDB-4AB1-94EF-542D2C82B61B}.Debug|x86.Build.0 = Debug|Win32
		{00E1CCE9-0BDB-4AB1-94EF-542D2C82B61B}.Release|x64.ActiveCfg = Release|x64
		{00E1CCE9-0BDB-4AB1-94EF-542D2C82B61B}.Release|x64.Build.0 = Release|x64
		{00E1CCE9-0BDB-4AB1-94EF-542D2C82B61B}.Release|x86.ActiveCfg = Release|Win32
		{00E1CCE9-0BDB-4AB1-94EF-542D2C82B61B}.Release|x86.Build.0 = Release|Win32
		{BB4D228B-93D5-4CB2-949E-7400E9B0E74E}.Debug|x64.ActiveCfg = Debug|x64
		{BB4D228B-93D5-4CB2-949E-7400E9B0E74E}.Debug|x64.Build.0 = Debug|x64
		{BB4D228B-93D5-4CB2-949E-7400E9B0E74E}.Debug|x86.ActiveCfg = Debug|Win32
		{BB4D228B-93D5-4CB2-949E-7400E9B0E74E}.Debug|x86.Build.0 = Debug|Win32
		{BB4D228B-93D5-4CB2-949E-7400E9B0E74E}.Release|x64.ActiveCfg = Release|x64
		{BB4D228B-93D5-4CB2-949E-7400E9B0E74E}.Release|x64.Build.0 = Release|x64
		{BB4D228B-93D5-4CB2-949E-7400E9B0E74E}.Release|x86.ActiveCfg = Release|Win32
		{BB4D228B-93D5-4CB2-949E-7400E9B0E74E}.Release|x86.Build.0 = Release|Win32
		{44D97077-A169-455F-B258-323F1226E5F5}.Debug|x64.ActiveCfg = Debug|x64
		{44D97077-A169-455F-B258-323F1226E5F5}.Debug|x64.Build.0 = Debug|x64
		{44D97077-A169-455F-B258-323F1226E5F5}.Debug|x86.ActiveCfg = Debug|Win32
		{44D97077-A169-455F-B258-323F1226E5F5}.Debug|x86.Build.0 = Debug|Win32
		{44D97077-A169-455F-B258-323F1226E5F5}.Release|x64.ActiveCfg = Release|x64
		{44D97077-A169-455F-B258-323F1226E5F5}.Release|x64.Build.0 = Release|x64
		{44D97077-A169-455F-B258-323F1226E5F5}.Release|x86.ActiveCfg = Release|Win32
		{44D97077-A169-455F-B258-323F1226E5F5}.Release|x86.Build.0 = Release|Win32
		{E0B52AE7-E160-4D32-BF3F-910B785E5A8E}.Debug|x64.ActiveCfg = Debug|x64
		{E0B52AE7-E160-4D32-BF3F-910B785E5A8E}.Debug|x64.Build.0 = Debug|x64
		{E0B52AE7-E160-4D32-BF3F-910B785E5A8E}.Debug|x86.ActiveCfg = Debug|Win32
		{E0B52AE7-E160-4D32-BF3F-910B785E5A8E}.Debug|x86.Build.0 = Debug|Win32
		{E0B52AE7-E160-4D32-BF3F-910B785E5A8E}.Release|x64.ActiveCfg = Release|x64
		{E0B52AE7-E160-4D32-BF3F-910B785E5A8E}.Release|x64.Build.0 = Release|x64
		{E0B52AE7-E160-4D32-BF3F-910B785E5A8E}.Release|x86.ActiveCfg = Release|Win32
		{E0B52AE7-E160-4D32-BF3F-910B785E5A8E}.Release|x86.Build.0 = Release|Win32
		{4F150A30-CECB-49D1-8283-6A3F57438CF5}.Debug|x64.ActiveCfg = Debug|x64
		{4F150A30-CECB-49D1-8283-6A3F57438CF5}.Debug|x64.Build.0 = Debug|x64
		{4F150A30-CECB-49D1-8283-6A3F57438CF5}.Debug|x86.ActiveCfg = Debug|Win32
		{4F150A30-CECB-49D1-8283-6A3F57438CF5}.Debug|x86.Build.0 = Debug|Win32
		{4F150A30-CECB-49D1-8283-6A3F57438CF5}.Release|x64.ActiveCfg = Release|x64
		{4F150A30-CECB-49D1-8283-6A3F57438CF5}.Release|x64.Build.0 = Release|x64
		{4F150A30-CECB-49D1-8283-6A3F57438CF5}.Release|x86.ActiveCfg = Release|Win32
		{4F150A30-CECB-49D1-8283-6A3F57438CF5}.Release|x86.Build.0 = Release|Win32
		{149699C6-853F-4D31-841D-E49CDC62E52A}.Debug|x64.ActiveCfg = Debug|x64
		{149699C6-853F-4D31-841D-E49CDC62E52A}.Debug|x64.Build.0 = Debug|x64
		{149699C6-853F-4D31-841D-E49CDC62E52A}.Debug|x86.ActiveCfg = Debug|Win32
		{149699C6-853F-4D31-841D-E49CDC62E52A}.Debug|x86.Build.0 = Debug|Win32
		{149699C6-853F-4D31-841D-E49CDC62E52A}.Release|x64.ActiveCfg = Release|x64
		{149699C6-853F-4D31-841D-E49CDC62E52A}.Release|x64.Build.0 = Release|x64
		{149699C6-853F-4D31-841D-E49CDC62E52A}.Release|x86.ActiveCfg = Release|Win32
		{149699C6-853F-4D31-841D-E49CDC62E52A}.Release|x86.Build.0 = Release|Win32
		{CAFF75AC-5857-49C7-8FAE-4F71F7094421}.Debug|x64.ActiveCfg = Debug|x64
		{CAFF75AC-5857-49C7-8FAE-4F71F7094421}.Debug|x64.Build.0 = Debug|x64
		{CAFF75AC-5857-49C7-8FAE-4F71F7094421}.Debug|x86.ActiveCfg = Debug|Win32
		{CAFF75AC-5857-49C7-8FAE-4F71F7094421}.Debug|x86.Build.0 = Debug|Win32
		{CAFF75AC-5857-49C7-8FAE-4F71F7094421}.Release|x64.ActiveCfg = Release|x64
		{CAFF75AC-5857-49C7-8FAE-4F71F7094421}.Release|x64.Build.0 = Release|x64
		{CAFF75AC-5857-49C7-8FAE-4F71F7094421}.Release|x86.ActiveCfg = Release|Win32
		{CAFF75AC-5857-49C7-8FAE-4F71F7094421}.Release|x86.Build.0 = Release|Win32
		{DD96240B-9A26-4EEC-A26D-265E6755C926}.Debug|x64.ActiveCfg = Debug|x64
		{DD96240B-9A26-4EEC-A26D-265E6755C926}.Debug|x64.Build.0 = Debug|x64
		{DD96240B-9A26-4EEC-A26D-265E6755C926}.Debug|x86.ActiveCfg = Debug|Win32
		{DD96240B-9A26-4EEC-A26D-265E6755C926}.Debug|x86.Build.0 = Debug|Win32
		{DD96240B-9A26-4EEC-A26D-265E6755C926}.Release|x64.ActiveCfg = Release|x64
		{DD96240B-9A26-4EEC-A26D-265E6755C926}.Release|x64.Build.0 = Release|x64
		{DD96240B-9A26-4EEC-A26D-265E6755C926}.Release|x86.ActiveCfg = Release|Win32
		{DD96240B-9A26-4EEC-A26D-265E6755C926}.Release|x86.Build.0 = Release|Win32
		{CCFFCFB2-4A49-4820-B859-71C0822BDDD0}.Debug|x64.ActiveCfg = Debug|x64
		{CCFFCFB2-4A49-4820-B859-71C0822BDDD0}.Debug|x64.Build.0 = Debug|x64
		{CCFFCFB2-4A49-4820-B859-71C0822BDDD0}.Debug|x86.ActiveCfg = Debug|Win32
		{CCFFCFB2-4A49-4820-B859-71C0822BDDD0}.Debug|x86.Build.0 = Debug|Win32
		{CCFFCFB2-4A49-4820-B859-71C0822BDDD0}.Release|x64.ActiveCfg = Release|x64
		{CCFFCFB2-4A49-4820-B859-71C0822BDDD0}.Release|x64.Build.0 = Release|x64
		{CCFFCFB2-4A49-4820-B859-71C0822BDDD0}.Release|x86.ActiveCfg = Release|Win32
		{CCFFCFB2-4A49-4820-B859-71C0822BDDD0}.Release|x86.Build.0 = Release|Win32
		{B4698B3F-5F5C-4A45-9907-3778EAC61E7B}.Debug|x64.ActiveCfg = Debug|x64
		{B4698B3F-5F5C-4A45-9907-3778EAC61E7B}.Debug|x64.Build.0 = Debug|x64
		{B4698B3F-5F5C-4A45-9907-3778EAC61E7B}.Debug|x86.ActiveCfg = Debug|Win32
		{B4698B3F-5F5C-4A45-9907-3778EAC61E7B}.Debug|x86.Build.0 = Debug|Win32
		{B4698B3F-5F5C-4A45-9907-3778EAC61E7B}.Release|x64.ActiveCfg = Release|x64
		{B4698B3F-5F5C-4A45-9907-3778EAC61E7B}.Release|x64.Build.0 = Release|x64
		{B4698B3F-5F5C-4A45-9907-3778EAC61E7B}.Release|x86.ActiveCfg = Release|Win32
		{B4698B3F-5F5C-4A45-9907-3778EAC61E7B}.Release|x86.Build.0 = Release|Win32
		{655BF63A-707D-4003-9493-CFD6B4DF6A23}.Debug|x64.ActiveCfg = Debug|x64
		{655BF63A-707D-4003-9493-CFD6B4DF6A23}.Debug|x64.Build.0 = Debug|x64
		{655BF63A-707D-4003-9493-CFD6B4DF6A23}.Debug|x86.ActiveCfg = Debug|Win32
		{655BF63A-707D-4003-9493-CFD6B4DF6A23}.Debug|x86.Build.0 = Debug|Win32
		{655BF63A-707D-4003-9493-CFD6B4DF6A23}.Release|x64.ActiveCfg = Release|x64
		{655BF63A-707D-4003-9493-CFD6B4DF6A23}.Release|x64.Build.0 = Release|x64
		{655BF63A-707D-4003-9493-CFD6B4DF6A23}.Release|x86.ActiveCfg = Release|Win32
		{655BF63A-707D-4003-9493-CFD6B4DF6A23}.Release|x86.Build.0 = Release|Win32
		{4554D578-4146-41CD-B5A6-35CB23FA4CC5}.Debug|x64.ActiveCfg = Debug|x64
		{4554D578-4146-41CD-B5A6-35CB23FA4CC5}.Debug|x64.Build.0 = Debug|x64
		{4554D578-4146-41CD-B5A6-35CB23FA4CC5}.Debug|x86.ActiveCfg = Debug|Win32
		{4554D578-4146-41CD-B5A6-35CB23FA4CC5}.Debug|x86.Build.0 = Debug|Win32
		{4554D578-4146-41CD-B5A6-35CB23FA4CC5}.Release|x64.ActiveCfg = Release|x64
		{4554D578-4146-41CD-B5A6-35CB23FA4CC5}.Release|x64.Build.0 = Release|x64
		{4554D578-4146-41CD-B5A6-35CB23FA4CC5}.Release|x86.ActiveCfg = Release|Win32
		{4554D578-4146-41CD-B5A6-35CB23FA4CC5}.Release|x86.Build.0 = Release|Win32
		{26C881AC-35F2-412F-BD9B-EB9AF6106888}.Debug|x64.ActiveCfg = Debug|x64
		{26C881AC-35F2-412F-BD9B-EB9AF6106888}.Debug|x64.Build.0 = Debug|x64
		{26C881AC-35F2-412F-BD9B-EB9AF6106888}.Debug|x86.ActiveCfg = Debug|Win32
		{26C881AC-35F2-412F-BD9B-EB9AF6106888}.Debug|x86.Build.0 = Debug|Win32
		{26C881AC-35F2-412F-BD9B-EB9AF6106888}.Release|x64.ActiveCfg = Release|x64
		{26C881AC-35F2-412F-BD9B-EB9AF6106888}.Release|x64.Build.0 = Release|x64
		{26C881AC-35F2-412F-BD9B-EB9AF6106888}.Release|x86.ActiveCfg = Release|Win32
		{26C881AC-35F2-412F-BD9B-EB9AF6106888}.Release|x86.Build.0 = Release|Win32
		{396D6901-7ABD-44B5-99C2-C593C429E683}.Debug|x64.ActiveCfg = Debug|x64
		{396D6901-7ABD-44B5-99C2-C593C429E683}.Debug|x64.Build.0 = Debug|x64
		{396D6901-7ABD-44B5-99C2-C593C429E683}.Debug|x86.ActiveCfg = Debug|Win32
		{396D6901-7ABD-44B5-99C2-C593C429E683}.Debug|x86.Build.0 = Debug|Win32
		{396D6901-7ABD-44B5-99C2-C593C429E683}.Release|x64.ActiveCfg = Release|x64
		{396D6901-7ABD-44B5-99C2-C593C429E683}.Release|x64.Build.0 = Release|x64
		{396D6901-7ABD-44B5-99C2-C593C429E683}.Release|x86.ActiveCfg = Release|Win32
		{396D6901-7ABD-44B5-99C2-C593C429E683}.Release|x86.Build.0 = Release|Win32
		{CF0C1078-0DC6-4D8F-A8CD-73FFCD848887}.Debug|x64.ActiveCfg = Debug|x64
		{CF0C1078-0DC6-4D8F-A8CD-73FFCD848887}.Debug|x64.Build.0 = Debug|x64
		{CF0C1078-0DC6-4D8F-A8CD-73FFCD848887}.Debug|x86.ActiveCfg = Debug|Win32
		{CF0C1078-0DC6-4D8F-A8CD-73FFCD848887}.Debug|x86.Build.0 = Debug|Win32
		{CF0C1078-0DC6-4D8F-A8CD-73FFCD848887}.Release|x64.ActiveCfg = Release|x64
		{CF0C1078-0DC6-4D8F-A8CD-73FFCD848887}.Release|x64.Build.0 = Release|x64
		{CF0C1078-0DC6-4D8F-A8CD-73FFCD848887}.Release|x86.ActiveCfg = Release|Win32
		{CF0C1078-0DC6-4D8F-A8CD-73FFCD848887}.Release|x86.Build.0 = Release|Win32
		{97249456-DADA-49C9-90A9-946268894F2F}.Debug|x64.ActiveCfg = Debug|x64
		{97249456-DADA-49C9-90A9-946268894F2F}.Debug|x64.Build.0 = Debug|x64
		{97249456-DADA-49C9-90A9-946268894F2F}.Debug|x86.ActiveCfg = Debug|Win32
		{97249456-DADA-49C9-90A9-946268894F2F}.Debug|x86.Build.0 = Debug|Win32
		{97249456-DADA-49C9-90A9-946268894F2F}.Release|x64.ActiveCfg = Release|x64
		{97249456-DADA-49C9-90A9-946268894F2F}.Release|x64.Build.0 = Release|x64
		{97249456-DADA-49C9-90A9-946268894F2F}.Release|x86.ActiveCfg = Release|Win32
		{97249456-DADA-49C9-90A9-946268894F2F}.Release|x86.Build.0 = Release|Win32
		{6B72D258-400E-4615-8530-4A91D52F2F8F}.Debug|x64.ActiveCfg = Debug|x64
		{6B72D258-400E-4615-8530-4A91D52F2F8F}.Debug|x64.Build.0 = Debug|x64
		{6B72D258-400E-4615-8530-4A91D52F2F8F}.Debug|x86.ActiveCfg = Debug|Win32
		{6B72D258-400E-4615-8530-4A91D52F2F8F}.Debug|x86.Build.0 = Debug|Win32
		{6B72D258-400E-4615-8530-4A91D52F2F8F}.Release|x64.ActiveCfg = Release|x64
		{6B72D258-400E-4615-8530-4A91D52F2F8F}.Release|x64.Build.0 = Release|x64
		{6B72D258-400E-4615-8530-4A91D52F2F8F}.Release|x86.ActiveCfg = Release|Win32
		{6B72D258-400E-4615-8530-4A91D52F2F8F}.Release|x86.Build.0 = Release|Win32
		{55D19482-3116-418A-898B-E11EE87096EF}.Debug|x64.ActiveCfg = Debug|x64
		{55D19482-3116-418A-898B-E11EE87096EF}.Debug|x64.Build.0 = Debug|x64
		{55D19482-3116-418A-898B-E11EE87096EF}.Debug|x86.ActiveCfg = Debug|Win32
		{55D19482-3116-418A-898B-E11EE87096EF}.Debug|x86.Build.0 = Debug|Win32
		{55D19482-3116-418A-898B-E11EE87096EF}.Release|x64.ActiveCfg = Release|x64
		{55D19482-3116-418A-898B-E11EE87096EF}.Release|x64.Build.0 = Release|x64
		{55D19482-3116-418A-898B-E11EE87096EF}.Release|x86.ActiveCfg = Release|Win32
		{55D19482-3116-418A-898B-E11EE87096EF}.Release|x86.Build.0 = Release|Win32
		{21867870-744D-4F1F-90DC-A4EEF7FCC216}.Debug|x64.ActiveCfg = Debug|x64
		{21867870-744D-4F1F-90DC-A4EEF7FCC216}.Debug|x64.Build.0 = Debug|x64
		{21867870-744D-4F1F-90DC-A4EEF7FCC216}.Debug|x86.ActiveCfg = Debug|Win32
		{21867870-744D-4F1F-90DC-A4EEF7FCC216}.Debug|x86.Build.0 = Debug|Win32
		{21867870-744D-4F1F-90DC-A4EEF7FCC216}.Release|x64.ActiveCfg = Release|x64
		{21867870-744D-4F1F-90DC-A4EEF7FCC216}.Release|x64.Build.0 = Release|x64
		{21867870-744D-4F1F-90DC-A4EEF7FCC216}.Release|x86.ActiveCfg = Release|Win32
		{21867870-744D-4F1F-90DC-A4EEF7FCC216}.Release|x86.Build.0 = Release|Win32
		{FE682B71-94B2-46CC-983B-99FD4E2EE0AD}.Debug|x64.ActiveCfg = Debug|x64
		{FE682B71-94B2-46CC-983B-99FD4E2EE0AD}.Debug|x64.Build.0 = Debug|x64
		{FE682B71-94B2-46CC-983B-99FD4E2EE0AD}.Debug|x86.ActiveCfg = Debug|Win32
		{FE682B71-94B2-46CC-983B-99FD4E2EE0AD}.Debug|x86.Build.0 = Debug|Win32
		{FE682B71-94B2-46CC-983B-99FD4E2EE0AD}.Release|x64.ActiveCfg = Release|x64
		{FE682B71-94B2-46CC-983B-99FD4E2EE0AD}.Release|x64.Build.0 = Release|x64
		{FE682B71-94B2-46CC-983B-99FD4E2EE0AD}.Release|x86.ActiveCfg = Release|Win32
		{FE682B71-94B2-46CC-983B-99FD4E2EE0AD}.Release|x86.Build.0 = Release|Win32
		{87359645-1C3E-42E1-9032-AAA2091EAA0F}.Debug|x64.ActiveCfg = Debug|x64
		{87359645-1C3E-42E1-9032-AAA2091EAA0F}.Debug|x64.Build.0 = Debug|x64
		{87359645-1C3E-42E1-9032-AAA2091EAA0F}.Debug|x86.ActiveCfg = Debug|Win32
		{87359645-1C3E-42E1-9032-AAA2091EAA0F}.Debug|x86.Build.0 = Debug|Win32
		{87359645-1C3E-42E1-9032-AAA2091EAA0F}.Release|x64.ActiveCfg = Release|x64
		{87359645-1C3E-42E1-9032-AAA2091EAA0F}.Release|x64.Build.0 = Release|x64
		{87359645-1C3E-42E1-9032-AAA2091EAA0F}.Release|x86.ActiveCfg = Release|Win32
		{87359645-1C3E-42E1-9032-AAA2091EAA0F}.Release|x86.Build.0 = Release|Win32
		{B6D2D66B-DC14-4D07-8FA1-63B0B22DA54F}.Debug|x64.ActiveCfg = Debug|x64
		{B6D2D66B-DC14-4D07-8FA1-63B0B22DA54F}.Debug|x64.Build.0 = Debug|x64
		{B6D2D66B-DC14-4D07-8FA1-63B0B22DA54F}.Debug|x86.ActiveCfg = Debug|Win32
		{B6D2D66B-DC14-4D07-8FA1-63B0B22DA54F}.Debug|x86.Build.0 = Debug|Win32
		{B6D2D66B-DC14-4D07-8FA1-63B0B22DA54F}.Release|x64.ActiveCfg = Release|x64
		{B6D2D66B-DC14-4D07-8FA1-63B0B22DA54F}.Release|x64.Build.0 = Release|x64
		{B6D2D66B-DC14-4D07-8FA1-63B0B22DA54F}.Release|x86.ActiveCfg = Release|Win32
		{B6D2D66B-DC14-4D07-8FA1-63B0B22DA54F}.Release|x86.Build.0 = Release|Win32
		{CB99B58C-F953-4760-9283-11DCA057A00E}.Debug|x64.ActiveCfg = Debug|x64
		{CB99B58C-F953-4760-9283-11DCA057A00E}.Debug|x64.Build.0 = Debug|x64
		{CB99B58C-F953-4760-9283-11DCA057A00E}.Debug|x86.ActiveCfg = Debug|Win32
		{CB99B58C-F953-4760-9283-11DCA057A00E}.Debug|x86.Build.0 = Debug|Win32
		{CB99B58C-F953-4760-9283-11DCA057A00E}.Release|x64.ActiveCfg = Release|x64
		{CB99B58C-F953-4760-9283-11DCA057A00E}.Release|x64.Build.0 = Release|x64
		{CB99B58C-F953-4760-9283-11DCA057A00E}.Release|x86.ActiveCfg = Release|Win32
		{CB99B58C-F953-4760-9283-11DCA057A00E}.Release|x86.Build.0 = Release|Win32
		{2906DA01-87C6-40A5-9FDF-D90E0FF5CF92}.Debug|x64.ActiveCfg = Debug|x64
		{2906DA01-87C6-40A5-9FDF-D90E0FF5CF92}.Debug|x64.Build.0 = Debug|x64
		{2906DA01-87C6-40A5-9FDF-D90E0FF5CF92}.Debug|x86.ActiveCfg = Debug|Win32
		{2906DA01-87C6-40A5-9FDF-D90E0FF5CF92}.Debug|x86.Build.0 = Debug|Win32
		{2906DA01-87C6-40A5-9FDF-D90E0FF5CF92}.Release|x64.ActiveCfg = Release|x64
		{2906DA01-87C6-40A5-9FDF-D90E0FF5CF92}.Release|x64.Build.0 = Release|x64
		{2906DA01-87C6-40A5-9FDF-D90E0FF5CF92}.Release|x86.ActiveCfg = Release|Win32
		{2906DA01-87C6-40A5-9FDF-D90E0FF5CF92}.Release|x86.Build.0 = Release|Win32
		{66044542-EA9D-41F5-9ABD-B35C429BDEFD}.Debug|x64.ActiveCfg = Debug|x64
		{66044542-EA9D-41F5-9ABD-B35C429BDEFD}.Debug|x64.Build.0 = Debug|x64
		{66044542-EA9D-41F5-9ABD-B35C429BDEFD}.Debug|x86.ActiveCfg = Debug|Win32
		{66044542-EA9D-41F5-9ABD-B35C429BDEFD}.Debug|x86.Build.0 = Debug|Win32
		{66044542-EA9D-41F5-9ABD-B35C429BDEFD}.Release|x64.ActiveCfg = Release|x64
		{66044542-EA9D-41F5-9ABD-B35C429BDEFD}.Release|x64.Build.0 = Release|x64
		{66044542-EA9D-41F5-9ABD-B35C429BDEFD}.Release|x86.ActiveCfg = Release|Win32
		{66044542-EA9D-41F5-9ABD-B35C429BDEFD}.Release|x86.Build.0 = Release|Win32
		{6D346BA4-2C03-4546-B736-53108D91DDB8}.Debug|x64.ActiveCfg = Debug|x64
		{6D346BA4-2C03-4546-B736-53108D91DDB8}.Debug|x64.Build.0 = Debug|x64
		{6D346BA4-2C03-4546-B736-53108D91DDB8}.Debug|x86.ActiveCfg = Debug|Win32
		{6D346BA4-2C03-4546-B736-53108D91DDB8}.Debug|x86.Build.0 = Debug|Win32
		{6D346BA4-2C03-4546-B736-53108D91DDB8}.Release|x64.ActiveCfg = Release|x64
		{6D346BA4-2C03-4546-B736-53108D91DDB8}.Release|x64.Build.0 = Release|x64
		{6D346BA4-2C03-4546-B736-53108D91DDB8}.Release|x86.ActiveCfg = Release|Win32
		{6D346BA4-2C03-4546-B736-53108D91DDB8}.Release|x86.Build.0 = Release|Win32
		{A7837C27-DAE6-4EE4-B42D-21579DB0DD5B}.Debug|x64.ActiveCfg = Debug|x64
		{A7837C27-DAE6-4EE4-B42D-21579DB0DD5B}.Debug|x64.Build.0 = Debug|x64
		{A7837C27-DAE6-4EE4-B42D-21579DB0DD5B}.Debug|x86.ActiveCfg = Debug|Win32
		{A7837C27-DAE6-4EE4-B42D-21579DB0DD5B}.Debug|x86.Build.0 = Debug|Win32
		{A7837C27-DAE6-4EE4-B42D-21579DB0DD5B}.Release|x64.ActiveCfg = Release|x64
		{A7837C27-DAE6-4EE4-B42D-21579DB0DD5B}.Release|x64.Build.0 = Release|x64
		{A7837C27-DAE6-4EE4-B42D-21579DB0DD5B}.Release|x86.ActiveCfg = Release|Win32
		{A7837C27-DAE6-4EE4-B42D-21579DB0DD5B}.Release|x86.Build.0 = Release|Win32
		{4435A711-11C5-4BDB-9140-BED73B2BFE47}.Debug|x64.ActiveCfg = Debug|x64
		{4435A711-11C5-4BDB-9140-BED73B2BFE47}.Debug|x64.Build.0 = Debug|x64
		{4435A711-11C5-4BDB-9140-BED73B2BFE47}.Debug|x86.ActiveCfg = Debug|Win32
		{4435A711-11C5-4BDB-9140-BED73B2BFE47}.Debug|x86.Build.0 = Debug|Win32
		{4435A711-11C5-4BDB-9140-BED73B2BFE47}.Release|x64.ActiveCfg = Release|x64
		{4435A711-11C5-4BDB-9140-BED73B2BFE47}.Release|x64.Build.0 = Release|x64
		{4435A711-11C5-4BDB-9140-BED73B2BFE47}.Release|x86.ActiveCfg = Release|Win32
		{4435A711-11C5-4BDB-9140-BED73B2BFE47}.Release|x86.Build.0 = Release|Win32
		{2623238D-4F78-4BEE-9884-662651D91119}.Debug|x64.ActiveCfg = Debug|x64
		{2623238D-4F78-4BEE-9884-662651D91119}.Debug|x64.Build.0 = Debug|x64
		{2623238D-4F78-4BEE-9884-662651D91119}.Debug|x86.ActiveCfg = Debug|Win32
		{2623238D-4F78-4BEE-9884-662651D91119}.Debug|x86.Build.0 = Debug|Win32
		{2623238D-4F78-4BEE-9884-662651D91119}.Release|x64.ActiveCfg = Release|x64
		{2623238D-4F78-4BEE-9884-662651D91119}.Release|x64.Build.0 = Release|x64
		{2623238D-4F78-4BEE-9884-662651D91119}.Release|x86.ActiveCfg = Release|Win32
		{2623238D-4F78-4BEE-9884-662651D91119}.Release|x86.Build.0 = Release|Win32
		{DCCB3EFB-29F9-4043-865D-89A936A71E97}.Debug|x64.ActiveCfg = Debug|x64
		{DCCB3EFB-29F9-4043-865D-89A936A71E97}.Debug|x64.Build.0 = Debug|x64
		{DCCB3EFB-29F9-4043-865D-89A936A71E97}.Debug|x86.ActiveCfg = Debug|Win32
		{DCCB3EFB-29F9-4043-865D-89A936A71E97}.Debug|x86.Build.0 = Debug|Win32
		{DCCB3EFB-29F9-4043-865D-89A936A71E97}.Release|x64.ActiveCfg = Release|x64
		{DCCB3EFB-29F9-4043-865D-89A936A71E97}.Release|x64.Build.0 = Release|x64
		{DCCB3EFB-29F9-4043-865D-89A936A71E97}.Release|x86.ActiveCfg = Release|Win32
		{DCCB3EFB-29F9-4043-865D-89A936A71E97}.Release|x86.Build.0 = Release|Win32
		{0286ACA5-62FE-4C79-848E-3F1E7F9B84A5}.Debug|x64.ActiveCfg = Debug|x64
		{0286ACA5-62FE-4C79-848E-3F1E7F9B84A5}.Debug|x64.Build.0 = Debug|x64
		{0286ACA5-62FE-4C79-848E-3F1E7F9B84A5}.Debug|x86.ActiveCfg = Debug|Win32
		{0286ACA5-62FE-4C79-848E-3F1E7F9B84A5}.Debug|x86.Build.0 = Debug|Win32
		{0286ACA5-62FE-4C79-848E-3F1E7F9B84A5}.Release|x64.ActiveCfg = Release|x64
		{0286ACA5-62FE-4C79-848E-3F1E7F9B84A5}.Release|x64.Build.0 = Release|x64
		{0286ACA5-62FE-4C79-848E-3F1E7F9B84A5}.Release|x86.ActiveCfg = Release|Win32
		{0286ACA5-62FE-4C79-848E-3F1E7F9B84A5}.Release|x86.Build.0 = Release|Win32
		{45902C07-8EA5-4D7A-84FD-C3558CFE00BB}.Debug|x64.ActiveCfg = Debug|x64
		{45902C07-8EA5-4D7A-84FD-C3558CFE00BB}.Debug|x64.Build.0 = Debug|x64
		{45902C07-8EA5-4D7A-84FD-C3558CFE00BB}.Debug|x86.ActiveCfg = Debug|Win32
		{45902C07-8EA5-4D7A-84FD-C3558CFE00BB}.Debug|x86.Build.0 = Debug|Win32
		{45902C07-8EA5-4D7A-84FD-C3558CFE00BB}.Release|x64.ActiveCfg = Release|x64
		{45902C07-8EA5-4D7A-84FD-C3558CFE00BB}.Release|x64.Build.0 = Release|x64
		{45902C07-8EA5-4D7A-84FD-C3558CFE00BB}.Release|x86.ActiveCfg = Release|Win32
		{45902C07-8EA5-4D7A-84FD-C3558CFE00BB}.Release|x86.Build.0 = Release|Win32
		{24E53AC3-CD96-4C14-BE69-BAB49A1ABE85}.Debug|x64.ActiveCfg = Debug|x64
		{24E53AC3-CD96-4C14-BE69-BAB49A1ABE85}.Debug|x64.Build.0 = Debug|x64
		{24E53AC3-CD96-4C14-BE69-BAB49A1ABE85}.Debug|x86.ActiveCfg = Debug|Win32
		{24E53AC3-CD96-4C14-BE69-BAB49A1ABE85}.Debug|x86.Build.0 = Debug|Win32
		{24E53AC3-CD96-4C14-BE69-BAB49A1ABE85}.Release|x64.ActiveCfg = Release|x64
		{24E53AC3-CD96-4C14-BE69-BAB49A1ABE85}.Release|x64.Build.0 = Release|x64
		{24E53AC3-CD96-4C14-BE69-BAB49A1ABE85}.Release|x86.ActiveCfg = Release|Win32
		{24E53AC3-CD96-4C14-BE69-BAB49A1ABE85}.Release|x86.Build.0 = Release|Win32
		{BF9DB4EA-D042-4AF0-8A10-F15E4AC53C42}.Debug|x64.ActiveCfg = Debug|x64
		{BF9DB4EA-D042-4AF0-8A10-F15E4AC53C42}.Debug|x64.Build.0 = Debug|x64
		{BF9DB4EA-D042-4AF0-8A10-F15E4AC53C42}.Debug|x86.ActiveCfg = Debug|Win32
		{BF9DB4EA-D042-4AF0-8A10-F15E4AC53C42}.Debug|x86.Build.0 = Debug|Win32
		{BF9DB4EA-D042-4AF0-8A10-F15E4AC53C42}.Release|x64.ActiveCfg = Release|x64
		{BF9DB4EA-D042-4AF0-8A10-F15E4AC53C42}.Release|x64.Build.0 = Release|x64
		{BF9DB4EA-D042-4AF0-8A10-F15E4AC53C42}.Release|x86.ActiveCfg = Release|Win32
		{BF9DB4EA-D042-4AF0-8A10-F15E4AC53C42}.Release|x86.Build.0 = Release|Win32
		{BF7340AD-5DF7-4A25-AB5E-D97E9DF34B27}.Debug|x64.ActiveCfg = Debug|x64
		{BF7340AD-5DF7-4A25-AB5E-D97E9DF34B27}.Debug|x64.Build.0 = Debug|x64
		{BF7340AD-5DF7-4A25-AB5E-D97E9DF34B27}.Debug|x86.ActiveCfg = Debug|Win32
		{BF7340AD-5DF7-4A25-AB5E-D97E9DF34B27}.Debug|x86.Build.0 = Debug|Win32
		{BF7340AD-5DF7-4A25-AB5E-D97E9DF34B27}.Release|x64.ActiveCfg = Release|x64
		{BF7340AD-5DF7-4A25-AB5E-D97E9DF34B27}.Release|x64.Build.0 = Release|x64
		{BF7340AD-5DF7-4A25-AB5E-D97E9DF34B27}.Release|x86.ActiveCfg = Release|Win32
		{BF7340AD-5DF7-4A25-AB5E-D97E9DF34B27}.Release|x86.Build.0 = Release|Win32
		{70D7C01C-8962-4351-9344-977D284E9C46}.Debug|x64.ActiveCfg = Debug|x64
		{70D7C01C-8962-4351-9344-977D284E9C46}.Debug|x64.Build.0 = Debug|x64
		{70D7C01C-8962-4351-9344-977D284E9C46}.Debug|x86.ActiveCfg = Debug|Win32
		{70D7C01C-8962-4351-9344-977D284E9C46}.Debug|x86.Build.0 = Debug|Win32
		{70D7C01C-8962-4351-9344-977D284E9C46}.Release|x64.ActiveCfg = Release|x64
		{70D7C01C-8962-4351-9344-977D284E9C46}.Release|x64.Build.0 = Release|x64
		{70D7C01C-8962-4351-9344-977D284E9C46}.Release|x86.ActiveCfg = Release|Win32
		{70D7C01C-8962-4351-9344-977D284E9C46}.Release|x86.Build.0 = Release|Win32
		{C7B5A052-79BF-4587-9B25-D925B0347EAE}.Debug|x64.ActiveCfg = Debug|x64
		{C7B5A052-79BF-4587-9B25-D925B0347EAE}.Debug|x64.Build.0 = Debug|x64
		{C7B5A052-79BF-4587-9B25-D925B0347EAE}.Debug|x86.ActiveCfg = Debug|Win32
		{C7B5A052-79BF-4587-9B25-D925B0347EAE}.Debug|x86.Build.0 = Debug|Win32
		{C7B5A052-79BF-4587-9B25-D925B0347EAE}.Release|x64.ActiveCfg = Release|x64
		{C7B5A052-79BF-4587-9B25-D925B0347EAE}.Release|x64.Build.0 = Release|x64
		{C7B5A052-79BF-4587-9B25-D925B0347EAE}.Release|x86.ActiveCfg = Release|Win32
		{C7B5A052-79BF-4587-9B25-D925B0347EAE}.Release|x86.Build.0 = Release|Win32
		{13F39DFE-AE53-4F48-A93E-87ED9E23B1B3}.Debug|x64.ActiveCfg = Debug|x64
		{13F39DFE-AE53-4F48-A93E-87ED9E23B1B3}.Debug|x64.Build.0 = Debug|x64
		{13F39DFE-AE53-4F48-A93E-87ED9E23B1B3}.Debug|x86.ActiveCfg = Debug|Win32
		{13F39DFE-AE53-4F48-A93E-87ED9E23B1B3}.Debug|x86.Build.0 = Debug|Win32
		{13F39DFE-AE53-4F48-A93E-87ED9E23B1B3}.Release|x64.ActiveCfg = Release|x64
		{13F39DFE-AE53-4F48-A93E-87ED9E23B1B3}.Release|x64.Build.0 = Release|x64
		{13F39DFE-AE53-4F48-A93E-87ED9E23B1B3}.Release|x86.ActiveCfg = Release|Win32
		{13F39DFE-AE53-4F48-A93E-87ED9E23B1B3}.Release|x86.Build.0 = Release|Win32
		{668F8FF8-4F08-4599-BAC9-91908FF027C7}.Debug|x64.ActiveCfg = Debug|x64
		{668F8FF8-4F08-4599-BAC9-91908FF027C7}.Debug|x64.Build.0 = Debug|x64
		{668F8FF8-4F08-4599-BAC9-91908FF027C7}.Debug|x86.ActiveCfg = Debug|Win32
		{668F8FF8-4F08-4599-BAC9-91908FF027C7}.Debug|x86.Build.0 = Debug|Win32
		{668F8FF8-4F08-4599-BAC9-91908FF027C7}.Release|x64.ActiveCfg = Release|x64
		{668F8FF8-4F08-4599-BAC9-91908FF027C7}.Release|x64.Build.0 = Release|x64
		{668F8FF8-4F08-4599-BAC9-91908FF027C7}.Release|x86.ActiveCfg = Release|Win32
		{668F8FF8-4F08-4599-BAC9-91908FF027C7}.Release|x86.Build.0 = Release|Win32
		{351C714A-C73D-47B7-9367-83BA19FB3431}.Debug|x64.ActiveCfg = Debug|x64
		{351C714A-C73D-47B7-9367-83BA19FB3431}.Debug|x64.Build.0 = Debug|x64
		{351C714A-C73D-47B7-9367-83BA19FB3431}.Debug|x86.ActiveCfg = Debug|Win32
		{351C714A-C73D-47B7-9367-83BA19FB3431}.Debug|x86.Build.0 = Debug|Win32
		{351C714A-C73D-47B7-9367-83BA19FB3431}.Release|x64.ActiveCfg = Release|x64
		{351C714A-C73D-47B7-9367-83BA19FB3431}.Release|x64.Build.0 = Release|x64
		{351C714A-C73D-47B7-9367-83BA19FB3431}.Release|x86.ActiveCfg = Release|Win32
		{351C714A-C73D-47B7-9367-83BA19FB3431}.Release|x86.Build.0 = Release|Win32
		{9E84D96E-5349-4825-A074-5F974987171B}.Debug|x64.ActiveCfg = Debug|x64
		{9E84D96E-5349-4825-A074-5F974987171B}.Debug|x64.Build.0 = Debug|x64
		{9E84D96E-5349-4825-A074-5F974987171B}.Debug|x86.ActiveCfg = Debug|Win32
		{9E84D96E-5349-4825-A074-5F974987171B}.Debug|x86.Build.0 = Debug|Win32
		{9E84D96E-5349-4825-A074-5F974987171B}.Release|x64.ActiveCfg = Release|x64
		{9E84D96E-5349-4825-A074-5F974987171B}.Release|x64.Build.0 = Release|x64
		{9E84D96E-5349-4825-A074-5F974987171B}.Release|x86.ActiveCfg = Release|Win32
		{9E84D96E-5349-4825-A074-5F974987171B}.Release|x86.Build.0 = Release|Win32
	EndGlobalSection
	GlobalSection(SolutionProperties) = preSolution
		HideSolutionNode = FALSE
	EndGlobalSection
	GlobalSection(NestedProjects) = preSolution
		{5B6DAAFC-4E0F-4D48-8909-19E758B7847A} = {913DAE68-BED5-442F-8A91-193983629F25}
		{65D8F3D9-B5B8-4366-9C29-84C048B9F0A0} = {AEC211F8-C598-45B2-89F1-4B0E859788FB}
		{31B86F72-A2A0-4290-817B-ACFDF1ED386D} = {913DAE68-BED5-442F-8A91-193983629F25}
		{A04F776D-8761-492F-B7E7-0E02A79DDF66} = {2FE752FA-F1E7-4B8C-9DED-D20ECDA0D28A}
		{E5D43595-6FA9-4B39-BF9A-994EC3B73970} = {4C612A6B-D47A-44CE-BDFC-9CEF086BDD9E}
		{00E1CCE9-0BDB-4AB1-94EF-542D2C82B61B} = {AEC211F8-C598-45B2-89F1-4B0E859788FB}
		{BB4D228B-93D5-4CB2-949E-7400E9B0E74E} = {913DAE68-BED5-442F-8A91-193983629F25}
		{44D97077-A169-455F-B258-323F1226E5F5} = {AEC211F8-C598-45B2-89F1-4B0E859788FB}
		{E0B52AE7-E160-4D32-BF3F-910B785E5A8E} = {36D5E685-01D1-4D24-9AB9-E897FA1BDFF3}
		{4F150A30-CECB-49D1-8283-6A3F57438CF5} = {36D5E685-01D1-4D24-9AB9-E897FA1BDFF3}
		{149699C6-853F-4D31-841D-E49CDC62E52A} = {913DAE68-BED5-442F-8A91-193983629F25}
		{CAFF75AC-5857-49C7-8FAE-4F71F7094421} = {AEC211F8-C598-45B2-89F1-4B0E859788FB}
		{DD96240B-9A26-4EEC-A26D-265E6755C926} = {AEC211F8-C598-45B2-89F1-4B0E859788FB}
		{C7EFEEB0-CED9-4BB5-BF13-296A86A9E7B4} = {18EE924E-2055-44EA-9FCA-8DCEFF35F989}
		{CCFFCFB2-4A49-4820-B859-71C0822BDDD0} = {AEC211F8-C598-45B2-89F1-4B0E859788FB}
		{B4698B3F-5F5C-4A45-9907-3778EAC61E7B} = {36D5E685-01D1-4D24-9AB9-E897FA1BDFF3}
		{655BF63A-707D-4003-9493-CFD6B4DF6A23} = {913DAE68-BED5-442F-8A91-193983629F25}
		{4554D578-4146-41CD-B5A6-35CB23FA4CC5} = {E328C5BD-CE43-4E38-AA02-8A6B926D7AA0}
		{26C881AC-35F2-412F-BD9B-EB9AF6106888} = {E328C5BD-CE43-4E38-AA02-8A6B926D7AA0}
		{396D6901-7ABD-44B5-99C2-C593C429E683} = {3E953B06-6137-458F-AC39-CE9B32659B17}
		{CF0C1078-0DC6-4D8F-A8CD-73FFCD848887} = {913DAE68-BED5-442F-8A91-193983629F25}
		{97249456-DADA-49C9-90A9-946268894F2F} = {E328C5BD-CE43-4E38-AA02-8A6B926D7AA0}
		{6B72D258-400E-4615-8530-4A91D52F2F8F} = {E328C5BD-CE43-4E38-AA02-8A6B926D7AA0}
		{55D19482-3116-418A-898B-E11EE87096EF} = {3E953B06-6137-458F-AC39-CE9B32659B17}
		{21867870-744D-4F1F-90DC-A4EEF7FCC216} = {3E953B06-6137-458F-AC39-CE9B32659B17}
		{FE682B71-94B2-46CC-983B-99FD4E2EE0AD} = {AEC211F8-C598-45B2-89F1-4B0E859788FB}
		{87359645-1C3E-42E1-9032-AAA2091EAA0F} = {AEC211F8-C598-45B2-89F1-4B0E859788FB}
		{B6D2D66B-DC14-4D07-8FA1-63B0B22DA54F} = {AEC211F8-C598-45B2-89F1-4B0E859788FB}
		{CB99B58C-F953-4760-9283-11DCA057A00E} = {E328C5BD-CE43-4E38-AA02-8A6B926D7AA0}
		{2906DA01-87C6-40A5-9FDF-D90E0FF5CF92} = {3E953B06-6137-458F-AC39-CE9B32659B17}
		{66044542-EA9D-41F5-9ABD-B35C429BDEFD} = {3E953B06-6137-458F-AC39-CE9B32659B17}
		{6D346BA4-2C03-4546-B736-53108D91DDB8} = {3E953B06-6137-458F-AC39-CE9B32659B17}
		{A7837C27-DAE6-4EE4-B42D-21579DB0DD5B} = {E328C5BD-CE43-4E38-AA02-8A6B926D7AA0}
		{4435A711-11C5-4BDB-9140-BED73B2BFE47} = {E328C5BD-CE43-4E38-AA02-8A6B926D7AA0}
		{2623238D-4F78-4BEE-9884-662651D91119} = {3E953B06-6137-458F-AC39-CE9B32659B17}
		{DCCB3EFB-29F9-4043-865D-89A936A71E97} = {14937E1B-2389-490D-880D-697F77C16153}
		{B4FBE6D1-8168-439C-A0D6-8B3254F9F758} = {C7EFEEB0-CED9-4BB5-BF13-296A86A9E7B4}
		{0286ACA5-62FE-4C79-848E-3F1E7F9B84A5} = {14937E1B-2389-490D-880D-697F77C16153}
		{45902C07-8EA5-4D7A-84FD-C3558CFE00BB} = {14937E1B-2389-490D-880D-697F77C16153}
		{24E53AC3-CD96-4C14-BE69-BAB49A1ABE85} = {36D5E685-01D1-4D24-9AB9-E897FA1BDFF3}
		{BF9DB4EA-D042-4AF0-8A10-F15E4AC53C42} = {14937E1B-2389-490D-880D-697F77C16153}
		{BF7340AD-5DF7-4A25-AB5E-D97E9DF34B27} = {34A5D3FD-69AA-4969-8767-9D34930BF33F}
		{70D7C01C-8962-4351-9344-977D284E9C46} = {81E63544-B434-4F3B-81CE-A24E941B6784}
		{C7B5A052-79BF-4587-9B25-D925B0347EAE} = {34A5D3FD-69AA-4969-8767-9D34930BF33F}
		{13F39DFE-AE53-4F48-A93E-87ED9E23B1B3} = {34A5D3FD-69AA-4969-8767-9D34930BF33F}
		{668F8FF8-4F08-4599-BAC9-91908FF027C7} = {2FE752FA-F1E7-4B8C-9DED-D20ECDA0D28A}
		{351C714A-C73D-47B7-9367-83BA19FB3431} = {BE0841C9-2705-4FFD-8540-4F1181E2E123}
		{C641B3DC-682D-45FF-9B43-2D79ECEA485E} = {18EE924E-2055-44EA-9FCA-8DCEFF35F989}
		{9E84D96E-5349-4825-A074-5F974987171B} = {BE0841C9-2705-4FFD-8540-4F1181E2E123}
	EndGlobalSection
	GlobalSection(ExtensibilityGlobals) = postSolution
		SolutionGuid = {C7D61B57-28D2-490E-89B6-0768E0D8B1B3}
	EndGlobalSection
EndGlobal
